github.com/ansel1/merry v1.5.1 h1:/MlZd3Irx2HQsUlOcXTTYev7N1t1Rsdnxwg6xkOVJp4=
github.com/ansel1/merry v1.5.1/go.mod h1:wUy/yW0JX0ix9GYvUbciq+bi3jW/vlKPlbpI7qdZpOw=
github.com/davecgh/go-spew v1.1.1/go.mod h1:J7Y8YcW2NihsgmVo/mv3lAwl/skON4iLHjSsI+c5H38=
github.com/davecheney/gcvis v0.0.0-20190313012026-3e1bb5e04774 h1:o9VhSyqkukDJDVPoKqPqCkj/LWwetA9NVFTMM1/j/ZI=
github.com/davecheney/gcvis v0.0.0-20190313012026-3e1bb5e04774/go.mod h1:+tc4BzclC+Swxs1ySgS/moEjGaHc36DG6hDQu0n7s0I=
github.com/pkg/browser v0.0.0-20180916011732-0a3d74bf9ce4 h1:49lOXmGaUpV9Fz3gd7TFZY106KVlPVa5jcYD1gaQf98=
github.com/pkg/browser v0.0.0-20180916011732-0a3d74bf9ce4/go.mod h1:4OwLy04Bl9Ef3GJJCoec+30X3LQs/0/m4HFRt/2LUSA=
github.com/pmezard/go-difflib v1.0.0/go.mod h1:iKH77koFhYxTK1pcRnkKkqfTogsbg7gZNVY4sRDYZ/4=
github.com/stretchr/testify v1.2.2/go.mod h1:a8OnRcib4nhh0OaRAV+Yts87kKdq0PP7pXfy6kDkUVs=
github.com/zserge/webview v0.0.0-20200516134046-4caf698fad53 h1:7qvr23qx/4M/y1/04h1XwQI+T+xZep+K+XuP3vBw3aE=
github.com/zserge/webview v0.0.0-20200516134046-4caf698fad53/go.mod h1:qxc/5N3SOFrs3q+EAVHqaJ1oLbm+hHlDhfhRYg8x7wQ=
golang.org/x/crypto v0.0.0-20190308221718-c2843e01d9a2/go.mod h1:djNgcEr1/C05ACkg1iLfiJU5Ep61QUkGW8qpdssI0+w=
golang.org/x/crypto v0.0.0-20200510223506-06a226fb4e37 h1:cg5LA/zNPRzIXIWSCxQW10Rvpy94aQh3LT/ShoCpkHw=
golang.org/x/crypto v0.0.0-20200510223506-06a226fb4e37/go.mod h1:LzIPMQfyMNhhGPhUkYOs5KpL4U8rLKemX1yGLhDgUto=
golang.org/x/net v0.0.0-20190404232315-eb5bcb51f2a3/go.mod h1:t9HGtf8HONx5eT2rtn7q6eTqICYqUVnKs3thJo3Qplg=
golang.org/x/sys v0.0.0-20190215142949-d0b11bdaac8a/go.mod h1:STP8DvDyc/dI5b8T5hshtkjS+E42TnysNCUPdjciGhY=
golang.org/x/sys v0.0.0-20190412213103-97732733099d h1:+R4KGOnez64A81RvjARKc4UT5/tI9ujCIVX+P5KiHuI=
golang.org/x/sys v0.0.0-20190412213103-97732733099d/go.mod h1:h1NjWce9XRLGQEsW7wpKNCjG9DtNlClVuFLEZdDNbEs=
golang.org/x/sys v0.0.0-20200523222454-059865788121 h1:rITEj+UZHYC927n8GT97eC3zrpzXdb/voyeOuVKS46o=
golang.org/x/sys v0.0.0-20200523222454-059865788121/go.mod h1:h1NjWce9XRLGQEsW7wpKNCjG9DtNlClVuFLEZdDNbEs=
golang.org/x/text v0.3.0/go.mod h1:NqM8EUOU14njkJ3fqMW+pc6Ldnwhi/IjpwHt7yyuwOQ=
golang.org/x/xerrors v0.0.0-20190513163551-3ee3066db522 h1:bhOzK9QyoD0ogCnFro1m2mz41+Ib0oOhfJnBp5MR4K4=
golang.org/x/xerrors v0.0.0-20190513163551-3ee3066db522/go.mod h1:I/5z698sn9Ka8TeJc9MKroUUfqBBauWjQqLJ2OPfmY0=
